
Microsoft Visual Studio Solution File, Format Version 12.00
# Visual Studio Version 16
VisualStudioVersion = 16.0.30413.136
MinimumVisualStudioVersion = 10.0.40219.1
Project("{2150E333-8FDC-42A3-9474-1A3956D46DE8}") = "src", "src", "{9989F029-0E6C-4E91-AC23-9AD235696574}"
EndProject
Project("{2150E333-8FDC-42A3-9474-1A3956D46DE8}") = "tests", "tests", "{62582D4C-8764-446A-BB06-45E4730382EC}"
EndProject
Project("{2150E333-8FDC-42A3-9474-1A3956D46DE8}") = "common", "common", "{AE40E1A5-8BA3-4723-84F3-EF50A2EB2678}"
	ProjectSection(SolutionItems) = preProject
		.editorconfig = .editorconfig
		.gitignore = .gitignore
		Directory.Build.props = Directory.Build.props
		FullAnalyzers.ruleset = FullAnalyzers.ruleset
		LICENSE = LICENSE
		README.md = README.md
	EndProjectSection
EndProject
Project("{9A19103F-16F7-4668-BE54-9A1E7A4F7556}") = "DataSetReportExtensions", "src\DataSetReportExtensions\DataSetReportExtensions.csproj", "{3322E658-01C7-4094-8648-5BCB3ACFB217}"
EndProject
Project("{9A19103F-16F7-4668-BE54-9A1E7A4F7556}") = "DataSetReportExtensionsTests", "tests\DataSetReportExtensionsTests\DataSetReportExtensionsTests.csproj", "{102F87AA-37F0-4934-8423-59AE8B6D703D}"
EndProject
Project("{FAE04EC0-301F-11D3-BF4B-00C04F79EFBC}") = "SampleApp", "src\SampleApp\SampleApp.csproj", "{4F9EEB3E-FBC8-42AB-B8F8-505B5C71DF8C}"
EndProject
Global
	GlobalSection(SolutionConfigurationPlatforms) = preSolution
		Debug|Any CPU = Debug|Any CPU
		Release|Any CPU = Release|Any CPU
	EndGlobalSection
	GlobalSection(ProjectConfigurationPlatforms) = postSolution
		{3322E658-01C7-4094-8648-5BCB3ACFB217}.Debug|Any CPU.ActiveCfg = Debug|Any CPU
		{3322E658-01C7-4094-8648-5BCB3ACFB217}.Debug|Any CPU.Build.0 = Debug|Any CPU
		{3322E658-01C7-4094-8648-5BCB3ACFB217}.Release|Any CPU.ActiveCfg = Release|Any CPU
		{3322E658-01C7-4094-8648-5BCB3ACFB217}.Release|Any CPU.Build.0 = Release|Any CPU
		{102F87AA-37F0-4934-8423-59AE8B6D703D}.Debug|Any CPU.ActiveCfg = Debug|Any CPU
		{102F87AA-37F0-4934-8423-59AE8B6D703D}.Debug|Any CPU.Build.0 = Debug|Any CPU
		{102F87AA-37F0-4934-8423-59AE8B6D703D}.Release|Any CPU.ActiveCfg = Release|Any CPU
		{102F87AA-37F0-4934-8423-59AE8B6D703D}.Release|Any CPU.Build.0 = Release|Any CPU
		{4F9EEB3E-FBC8-42AB-B8F8-505B5C71DF8C}.Debug|Any CPU.ActiveCfg = Debug|Any CPU
		{4F9EEB3E-FBC8-42AB-B8F8-505B5C71DF8C}.Debug|Any CPU.Build.0 = Debug|Any CPU
		{4F9EEB3E-FBC8-42AB-B8F8-505B5C71DF8C}.Release|Any CPU.ActiveCfg = Release|Any CPU
		{4F9EEB3E-FBC8-42AB-B8F8-505B5C71DF8C}.Release|Any CPU.Build.0 = Release|Any CPU
	EndGlobalSection
	GlobalSection(SolutionProperties) = preSolution
		HideSolutionNode = FALSE
	EndGlobalSection
	GlobalSection(NestedProjects) = preSolution
		{3322E658-01C7-4094-8648-5BCB3ACFB217} = {9989F029-0E6C-4E91-AC23-9AD235696574}
		{102F87AA-37F0-4934-8423-59AE8B6D703D} = {62582D4C-8764-446A-BB06-45E4730382EC}
		{4F9EEB3E-FBC8-42AB-B8F8-505B5C71DF8C} = {9989F029-0E6C-4E91-AC23-9AD235696574}
	EndGlobalSection
	GlobalSection(ExtensibilityGlobals) = postSolution
		SolutionGuid = {88725EC7-B3F2-4C58-BC1E-802A11D54C7D}
	EndGlobalSection
EndGlobal
