
Microsoft Visual Studio Solution File, Format Version 12.00
# Visual Studio Version 16
VisualStudioVersion = 16.0.30413.136
MinimumVisualStudioVersion = 10.0.40219.1
Project("{2150E333-8FDC-42A3-9474-1A3956D46DE8}") = "src", "src", "{9989F029-0E6C-4E91-AC23-9AD235696574}"
EndProject
Project("{2150E333-8FDC-42A3-9474-1A3956D46DE8}") = "tests", "tests", "{62582D4C-8764-446A-BB06-45E4730382EC}"
EndProject
Project("{2150E333-8FDC-42A3-9474-1A3956D46DE8}") = "common", "common", "{AE40E1A5-8BA3-4723-84F3-EF50A2EB2678}"
	ProjectSection(SolutionItems) = preProject
		.editorconfig = .editorconfig
		.gitignore = .gitignore
		Directory.Build.props = Directory.Build.props
		FullAnalyzers.ruleset = FullAnalyzers.ruleset
		LICENSE = LICENSE
		README.md = README.md
	EndProjectSection
EndProject
Project("{9A19103F-16F7-4668-BE54-9A1E7A4F7556}") = "SampleApp", "src\SampleApp\SampleApp.csproj", "{4F9EEB3E-FBC8-42AB-B8F8-505B5C71DF8C}"
EndProject
Project("{9A19103F-16F7-4668-BE54-9A1E7A4F7556}") = "SimpleReportEngine", "src\SimpleReportEngine\SimpleReportEngine.csproj", "{4C57595B-1663-405D-9551-0E69B80B3A70}"
EndProject
Project("{9A19103F-16F7-4668-BE54-9A1E7A4F7556}") = "SimpleReportEngineTests", "tests\SimpleReportEngineTests\SimpleReportEngineTests.csproj", "{728C2A16-20C5-48B0-9EAE-A1AAB5888AF1}"
EndProject
Project("{2150E333-8FDC-42A3-9474-1A3956D46DE8}") = "images", "images", "{2D00AB72-92B3-4851-93B9-1AFF9BE4FC93}"
	ProjectSection(SolutionItems) = preProject
		pictures\books_report.png = pictures\books_report.png
		pictures\books_template.png = pictures\books_template.png
		pictures\books_txt.png = pictures\books_txt.png
		pictures\orders_report.png = pictures\orders_report.png
		pictures\orders_template.png = pictures\orders_template.png
		pictures\orders_txt.png = pictures\orders_txt.png
	EndProjectSection
EndProject
Global
	GlobalSection(SolutionConfigurationPlatforms) = preSolution
		Debug|Any CPU = Debug|Any CPU
		Release|Any CPU = Release|Any CPU
	EndGlobalSection
	GlobalSection(ProjectConfigurationPlatforms) = postSolution
		{4F9EEB3E-FBC8-42AB-B8F8-505B5C71DF8C}.Debug|Any CPU.ActiveCfg = Debug|Any CPU
		{4F9EEB3E-FBC8-42AB-B8F8-505B5C71DF8C}.Debug|Any CPU.Build.0 = Debug|Any CPU
		{4F9EEB3E-FBC8-42AB-B8F8-505B5C71DF8C}.Release|Any CPU.ActiveCfg = Release|Any CPU
		{4F9EEB3E-FBC8-42AB-B8F8-505B5C71DF8C}.Release|Any CPU.Build.0 = Release|Any CPU
		{4C57595B-1663-405D-9551-0E69B80B3A70}.Debug|Any CPU.ActiveCfg = Debug|Any CPU
		{4C57595B-1663-405D-9551-0E69B80B3A70}.Debug|Any CPU.Build.0 = Debug|Any CPU
		{4C57595B-1663-405D-9551-0E69B80B3A70}.Release|Any CPU.ActiveCfg = Release|Any CPU
		{4C57595B-1663-405D-9551-0E69B80B3A70}.Release|Any CPU.Build.0 = Release|Any CPU
		{728C2A16-20C5-48B0-9EAE-A1AAB5888AF1}.Debug|Any CPU.ActiveCfg = Debug|Any CPU
		{728C2A16-20C5-48B0-9EAE-A1AAB5888AF1}.Debug|Any CPU.Build.0 = Debug|Any CPU
		{728C2A16-20C5-48B0-9EAE-A1AAB5888AF1}.Release|Any CPU.ActiveCfg = Release|Any CPU
		{728C2A16-20C5-48B0-9EAE-A1AAB5888AF1}.Release|Any CPU.Build.0 = Release|Any CPU
	EndGlobalSection
	GlobalSection(SolutionProperties) = preSolution
		HideSolutionNode = FALSE
	EndGlobalSection
	GlobalSection(NestedProjects) = preSolution
		{4F9EEB3E-FBC8-42AB-B8F8-505B5C71DF8C} = {9989F029-0E6C-4E91-AC23-9AD235696574}
		{4C57595B-1663-405D-9551-0E69B80B3A70} = {9989F029-0E6C-4E91-AC23-9AD235696574}
		{728C2A16-20C5-48B0-9EAE-A1AAB5888AF1} = {62582D4C-8764-446A-BB06-45E4730382EC}
		{2D00AB72-92B3-4851-93B9-1AFF9BE4FC93} = {AE40E1A5-8BA3-4723-84F3-EF50A2EB2678}
	EndGlobalSection
	GlobalSection(ExtensibilityGlobals) = postSolution
		SolutionGuid = {88725EC7-B3F2-4C58-BC1E-802A11D54C7D}
	EndGlobalSection
EndGlobal
